{
  "name": "hehe",
  "version": "0.0.1",
  "lockfileVersion": 1,
  "requires": true,
  "dependencies": {
    "frame-animation": {
      "version": "0.2.6",
      "resolved": "https://registry.npm.taobao.org/frame-animation/download/frame-animation-0.2.6.tgz",
      "integrity": "sha1-cg/5CM3H+q6yiZzEy9pZDnjl5ig="
    },
    "vconsole": {
      "version": "3.3.4",
      "resolved": "https://registry.npm.taobao.org/vconsole/download/vconsole-3.3.4.tgz",
      "integrity": "sha1-p9rNiIez0+kC6NGEJc2lbDTnf1E="
    },
    "vue": {
      "version": "2.6.10",
      "resolved": "http://registry.npm.taobao.org/vue/download/vue-2.6.10.tgz?cache=0&other_urls=http%3A%2F%2Fregistry.npm.taobao.org%2Fvue%2Fdownload%2Fvue-2.6.10.tgz",
      "integrity": "sha1-pysaQqTYKnIepDjRtr9V5mGVxjc="
    }
  }
}
